
Microsoft Visual Studio Solution File, Format Version 12.00
# Visual Studio Version 16
VisualStudioVersion = 16.0.32126.315
MinimumVisualStudioVersion = 10.0.40219.1
Project("{FAE04EC0-301F-11D3-BF4B-00C04F79EFBC}") = "NewsLetter_MVC", "NewsLetter_MVC.csproj", "{04D1574C-9493-4D3B-B07D-7BB5A42F31EA}"
EndProject
Global
	GlobalSection(SolutionConfigurationPlatforms) = preSolution
		Debug|Any CPU = Debug|Any CPU
		Release|Any CPU = Release|Any CPU
	EndGlobalSection
	GlobalSection(ProjectConfigurationPlatforms) = postSolution
		{04D1574C-9493-4D3B-B07D-7BB5A42F31EA}.Debug|Any CPU.ActiveCfg = Debug|Any CPU
		{04D1574C-9493-4D3B-B07D-7BB5A42F31EA}.Debug|Any CPU.Build.0 = Debug|Any CPU
		{04D1574C-9493-4D3B-B07D-7BB5A42F31EA}.Release|Any CPU.ActiveCfg = Release|Any CPU
		{04D1574C-9493-4D3B-B07D-7BB5A42F31EA}.Release|Any CPU.Build.0 = Release|Any CPU
	EndGlobalSection
	GlobalSection(SolutionProperties) = preSolution
		HideSolutionNode = FALSE
	EndGlobalSection
	GlobalSection(ExtensibilityGlobals) = postSolution
		SolutionGuid = {657179AC-E0E2-40C8-9597-3A3362C1149C}
	EndGlobalSection
EndGlobal
